
Microsoft Visual Studio Solution File, Format Version 12.00
# Visual Studio 15
VisualStudioVersion = 15.0.26730.16
MinimumVisualStudioVersion = 10.0.40219.1
Project("{2150E333-8FDC-42A3-9474-1A3956D46DE8}") = "Base", "Base", "{05B579F1-1849-4183-9C1B-BE497B2A2765}"
EndProject
Project("{FAE04EC0-301F-11D3-BF4B-00C04F79EFBC}") = "Client", "Base\Client\Client.csproj", "{E4B751C9-4809-46C7-BEDD-8D194F29BA5B}"
EndProject
Project("{FAE04EC0-301F-11D3-BF4B-00C04F79EFBC}") = "Contracts", "Base\Contracts\Contracts.csproj", "{E473D6A2-4DBB-484C-A9D0-E2C01088B7C4}"
EndProject
Project("{FAE04EC0-301F-11D3-BF4B-00C04F79EFBC}") = "Hosting", "Base\Hosting\Hosting.csproj", "{446BD26D-D12B-4CDA-9134-AE57F16FBA66}"
EndProject
Project("{FAE04EC0-301F-11D3-BF4B-00C04F79EFBC}") = "IISHosting", "Base\IISHosting\IISHosting.csproj", "{1D833ADF-EC20-4F63-880A-03677C9C48FA}"
EndProject
Project("{FAE04EC0-301F-11D3-BF4B-00C04F79EFBC}") = "Services", "Base\Services\Services.csproj", "{F45FEBE5-694C-40CC-84F0-63669C201088}"
EndProject
Project("{2150E333-8FDC-42A3-9474-1A3956D46DE8}") = "Duplex", "Duplex", "{6D88438E-4994-4E63-B1A8-47624725F496}"
EndProject
Project("{FAE04EC0-301F-11D3-BF4B-00C04F79EFBC}") = "Services", "Duplex\Services\Services.csproj", "{BDC4AA35-F801-4460-8D45-D99CC5E77B5E}"
EndProject
Project("{FAE04EC0-301F-11D3-BF4B-00C04F79EFBC}") = "Hosting", "Duplex\Hosting\Hosting.csproj", "{5DEF4448-9930-4F6E-8A4E-091821B5E006}"
EndProject
Project("{FAE04EC0-301F-11D3-BF4B-00C04F79EFBC}") = "Client", "Duplex\Client\Client.csproj", "{BB18712F-5F8F-40DC-8A88-24B5E66849BB}"
	ProjectSection(ProjectDependencies) = postProject
		{14AC6D77-6418-4E42-8A76-4D2DD6E52649} = {14AC6D77-6418-4E42-8A76-4D2DD6E52649}
	EndProjectSection
EndProject
Project("{FAE04EC0-301F-11D3-BF4B-00C04F79EFBC}") = "IISHosting", "Duplex\IISHosting\IISHosting.csproj", "{14AC6D77-6418-4E42-8A76-4D2DD6E52649}"
EndProject
Project("{2150E333-8FDC-42A3-9474-1A3956D46DE8}") = "Serialization", "Serialization", "{D09E578A-B7F9-49B7-A9C1-C396038C3037}"
EndProject
Project("{FAE04EC0-301F-11D3-BF4B-00C04F79EFBC}") = "SerializeTest", "Serialization\SerializeTest\SerializeTest.csproj", "{5BA77BDC-1B4C-4E05-A603-976A72802165}"
EndProject
Project("{2150E333-8FDC-42A3-9474-1A3956D46DE8}") = "Overloading", "Overloading", "{1800F5A1-26D0-4156-9208-3A02CCDABD6E}"
EndProject
Project("{FAE04EC0-301F-11D3-BF4B-00C04F79EFBC}") = "Services", "Overloading\Services\Services.csproj", "{2B99582A-EBFA-42AE-8F25-9982441D4CDD}"
EndProject
Project("{FAE04EC0-301F-11D3-BF4B-00C04F79EFBC}") = "Hosting", "Overloading\Hosting\Hosting.csproj", "{93ECBA3E-4D71-460A-B8DC-F10286034994}"
EndProject
Project("{FAE04EC0-301F-11D3-BF4B-00C04F79EFBC}") = "Client", "Overloading\Client\Client.csproj", "{7E49266F-7010-458D-B7C5-14406E8AB76E}"
EndProject
Project("{2150E333-8FDC-42A3-9474-1A3956D46DE8}") = "Session", "Session", "{AF0D44F9-178E-4FE5-9EFD-D8DAF7DE9E30}"
EndProject
Project("{FAE04EC0-301F-11D3-BF4B-00C04F79EFBC}") = "Services", "Session\Services\Services.csproj", "{19A37C18-104E-4982-9E26-72C38291EA69}"
EndProject
Project("{FAE04EC0-301F-11D3-BF4B-00C04F79EFBC}") = "Client", "Session\Client\Client.csproj", "{A8ECA18A-3F4D-449D-90CF-B055FB22DC20}"
EndProject
Project("{2150E333-8FDC-42A3-9474-1A3956D46DE8}") = "Exception", "Exception", "{3D11B320-457F-485E-90C0-84BBF5C3F554}"
EndProject
Project("{FAE04EC0-301F-11D3-BF4B-00C04F79EFBC}") = "Services", "Exception\Services\Services.csproj", "{F08A7DBD-5CDB-40F5-8999-BF83399D6076}"
EndProject
Project("{FAE04EC0-301F-11D3-BF4B-00C04F79EFBC}") = "Client", "Exception\Client\Client.csproj", "{36188E22-D99C-42AB-A833-6FDF9D4DD992}"
EndProject
Project("{2150E333-8FDC-42A3-9474-1A3956D46DE8}") = "MSMQ", "MSMQ", "{72865FD1-FB19-4A6D-876F-8475AB90EC3B}"
EndProject
Project("{FAE04EC0-301F-11D3-BF4B-00C04F79EFBC}") = "Services", "MSMQ\Services\Services.csproj", "{9B7B9273-3788-4F1D-B690-B8A367454408}"
EndProject
Project("{FAE04EC0-301F-11D3-BF4B-00C04F79EFBC}") = "Client", "MSMQ\Client\Client.csproj", "{702F27FC-72DB-4C7E-92C2-3FF8A12047FA}"
EndProject
Project("{FAE04EC0-301F-11D3-BF4B-00C04F79EFBC}") = "Models", "MSMQ\Models\Models.csproj", "{93991CA6-6CD0-4263-9522-1B307D0AEA0E}"
EndProject
Project("{FAE04EC0-301F-11D3-BF4B-00C04F79EFBC}") = "Client2", "MSMQ\Client2\Client2.csproj", "{54A723E9-41F1-42E3-A5A7-7D3E2BB36BD0}"
EndProject
Project("{2150E333-8FDC-42A3-9474-1A3956D46DE8}") = "REST_Base", "REST_Base", "{DFC56AEA-0940-44D8-A5F2-C32C05BD0387}"
EndProject
Project("{FAE04EC0-301F-11D3-BF4B-00C04F79EFBC}") = "Client", "REST_Base\Client\Client.csproj", "{DD1EE3FF-4FA1-4636-B623-523D65BCC1E8}"
EndProject
Project("{FAE04EC0-301F-11D3-BF4B-00C04F79EFBC}") = "Services", "REST_Base\Services\Services.csproj", "{273C1B14-8585-4B51-AFA9-9AC4B2309A1D}"
EndProject
Project("{FAE04EC0-301F-11D3-BF4B-00C04F79EFBC}") = "Hosting", "REST_Base\Hosting\Hosting.csproj", "{B2D7508C-E889-4B0A-930A-AB4997CB3BCF}"
EndProject
Project("{2150E333-8FDC-42A3-9474-1A3956D46DE8}") = "REST_Binding", "REST_Binding", "{E6545F4C-BBF0-4259-BDF2-26D9729614F6}"
EndProject
Project("{FAE04EC0-301F-11D3-BF4B-00C04F79EFBC}") = "Demo", "REST_Binding\Demo\Demo.csproj", "{1BE7F9C7-A536-416A-897F-35A63F49CF30}"
EndProject
Project("{2150E333-8FDC-42A3-9474-1A3956D46DE8}") = "REST_Caching", "REST_Caching", "{9DED4ECC-4F0C-477F-8141-FA62C388F814}"
EndProject
Project("{FAE04EC0-301F-11D3-BF4B-00C04F79EFBC}") = "Services", "REST_Caching\Services\Services.csproj", "{BAC868EA-9B7C-49F9-9461-BA3F0F632571}"
EndProject
Project("{FAE04EC0-301F-11D3-BF4B-00C04F79EFBC}") = "IISHosting", "REST_Caching\IISHosting\IISHosting.csproj", "{62E282B1-4595-4399-B94D-CBC12A3A54B0}"
EndProject
Project("{FAE04EC0-301F-11D3-BF4B-00C04F79EFBC}") = "Hosting", "REST_Caching\Hosting\Hosting.csproj", "{2909B514-653E-4EDA-A940-386DE9D1F98A}"
EndProject
Project("{FAE04EC0-301F-11D3-BF4B-00C04F79EFBC}") = "Client", "REST_Caching\Client\Client.csproj", "{C824186D-02A1-49B6-A57C-71A41D5067FA}"
	ProjectSection(ProjectDependencies) = postProject
		{62E282B1-4595-4399-B94D-CBC12A3A54B0} = {62E282B1-4595-4399-B94D-CBC12A3A54B0}
	EndProjectSection
EndProject
Global
	GlobalSection(SolutionConfigurationPlatforms) = preSolution
		Debug|Any CPU = Debug|Any CPU
		Release|Any CPU = Release|Any CPU
	EndGlobalSection
	GlobalSection(ProjectConfigurationPlatforms) = postSolution
		{E4B751C9-4809-46C7-BEDD-8D194F29BA5B}.Debug|Any CPU.ActiveCfg = Debug|Any CPU
		{E4B751C9-4809-46C7-BEDD-8D194F29BA5B}.Debug|Any CPU.Build.0 = Debug|Any CPU
		{E4B751C9-4809-46C7-BEDD-8D194F29BA5B}.Release|Any CPU.ActiveCfg = Release|Any CPU
		{E4B751C9-4809-46C7-BEDD-8D194F29BA5B}.Release|Any CPU.Build.0 = Release|Any CPU
		{E473D6A2-4DBB-484C-A9D0-E2C01088B7C4}.Debug|Any CPU.ActiveCfg = Debug|Any CPU
		{E473D6A2-4DBB-484C-A9D0-E2C01088B7C4}.Debug|Any CPU.Build.0 = Debug|Any CPU
		{E473D6A2-4DBB-484C-A9D0-E2C01088B7C4}.Release|Any CPU.ActiveCfg = Release|Any CPU
		{E473D6A2-4DBB-484C-A9D0-E2C01088B7C4}.Release|Any CPU.Build.0 = Release|Any CPU
		{446BD26D-D12B-4CDA-9134-AE57F16FBA66}.Debug|Any CPU.ActiveCfg = Debug|Any CPU
		{446BD26D-D12B-4CDA-9134-AE57F16FBA66}.Debug|Any CPU.Build.0 = Debug|Any CPU
		{446BD26D-D12B-4CDA-9134-AE57F16FBA66}.Release|Any CPU.ActiveCfg = Release|Any CPU
		{446BD26D-D12B-4CDA-9134-AE57F16FBA66}.Release|Any CPU.Build.0 = Release|Any CPU
		{1D833ADF-EC20-4F63-880A-03677C9C48FA}.Debug|Any CPU.ActiveCfg = Debug|Any CPU
		{1D833ADF-EC20-4F63-880A-03677C9C48FA}.Debug|Any CPU.Build.0 = Debug|Any CPU
		{1D833ADF-EC20-4F63-880A-03677C9C48FA}.Release|Any CPU.ActiveCfg = Release|Any CPU
		{1D833ADF-EC20-4F63-880A-03677C9C48FA}.Release|Any CPU.Build.0 = Release|Any CPU
		{F45FEBE5-694C-40CC-84F0-63669C201088}.Debug|Any CPU.ActiveCfg = Debug|Any CPU
		{F45FEBE5-694C-40CC-84F0-63669C201088}.Debug|Any CPU.Build.0 = Debug|Any CPU
		{F45FEBE5-694C-40CC-84F0-63669C201088}.Release|Any CPU.ActiveCfg = Release|Any CPU
		{F45FEBE5-694C-40CC-84F0-63669C201088}.Release|Any CPU.Build.0 = Release|Any CPU
		{BDC4AA35-F801-4460-8D45-D99CC5E77B5E}.Debug|Any CPU.ActiveCfg = Debug|Any CPU
		{BDC4AA35-F801-4460-8D45-D99CC5E77B5E}.Debug|Any CPU.Build.0 = Debug|Any CPU
		{BDC4AA35-F801-4460-8D45-D99CC5E77B5E}.Release|Any CPU.ActiveCfg = Release|Any CPU
		{BDC4AA35-F801-4460-8D45-D99CC5E77B5E}.Release|Any CPU.Build.0 = Release|Any CPU
		{5DEF4448-9930-4F6E-8A4E-091821B5E006}.Debug|Any CPU.ActiveCfg = Debug|Any CPU
		{5DEF4448-9930-4F6E-8A4E-091821B5E006}.Debug|Any CPU.Build.0 = Debug|Any CPU
		{5DEF4448-9930-4F6E-8A4E-091821B5E006}.Release|Any CPU.ActiveCfg = Release|Any CPU
		{5DEF4448-9930-4F6E-8A4E-091821B5E006}.Release|Any CPU.Build.0 = Release|Any CPU
		{BB18712F-5F8F-40DC-8A88-24B5E66849BB}.Debug|Any CPU.ActiveCfg = Debug|Any CPU
		{BB18712F-5F8F-40DC-8A88-24B5E66849BB}.Debug|Any CPU.Build.0 = Debug|Any CPU
		{BB18712F-5F8F-40DC-8A88-24B5E66849BB}.Release|Any CPU.ActiveCfg = Release|Any CPU
		{BB18712F-5F8F-40DC-8A88-24B5E66849BB}.Release|Any CPU.Build.0 = Release|Any CPU
		{14AC6D77-6418-4E42-8A76-4D2DD6E52649}.Debug|Any CPU.ActiveCfg = Debug|Any CPU
		{14AC6D77-6418-4E42-8A76-4D2DD6E52649}.Debug|Any CPU.Build.0 = Debug|Any CPU
		{14AC6D77-6418-4E42-8A76-4D2DD6E52649}.Release|Any CPU.ActiveCfg = Release|Any CPU
		{14AC6D77-6418-4E42-8A76-4D2DD6E52649}.Release|Any CPU.Build.0 = Release|Any CPU
		{5BA77BDC-1B4C-4E05-A603-976A72802165}.Debug|Any CPU.ActiveCfg = Debug|Any CPU
		{5BA77BDC-1B4C-4E05-A603-976A72802165}.Debug|Any CPU.Build.0 = Debug|Any CPU
		{5BA77BDC-1B4C-4E05-A603-976A72802165}.Release|Any CPU.ActiveCfg = Release|Any CPU
		{5BA77BDC-1B4C-4E05-A603-976A72802165}.Release|Any CPU.Build.0 = Release|Any CPU
		{2B99582A-EBFA-42AE-8F25-9982441D4CDD}.Debug|Any CPU.ActiveCfg = Debug|Any CPU
		{2B99582A-EBFA-42AE-8F25-9982441D4CDD}.Debug|Any CPU.Build.0 = Debug|Any CPU
		{2B99582A-EBFA-42AE-8F25-9982441D4CDD}.Release|Any CPU.ActiveCfg = Release|Any CPU
		{2B99582A-EBFA-42AE-8F25-9982441D4CDD}.Release|Any CPU.Build.0 = Release|Any CPU
		{93ECBA3E-4D71-460A-B8DC-F10286034994}.Debug|Any CPU.ActiveCfg = Debug|Any CPU
		{93ECBA3E-4D71-460A-B8DC-F10286034994}.Debug|Any CPU.Build.0 = Debug|Any CPU
		{93ECBA3E-4D71-460A-B8DC-F10286034994}.Release|Any CPU.ActiveCfg = Release|Any CPU
		{93ECBA3E-4D71-460A-B8DC-F10286034994}.Release|Any CPU.Build.0 = Release|Any CPU
		{7E49266F-7010-458D-B7C5-14406E8AB76E}.Debug|Any CPU.ActiveCfg = Debug|Any CPU
		{7E49266F-7010-458D-B7C5-14406E8AB76E}.Debug|Any CPU.Build.0 = Debug|Any CPU
		{7E49266F-7010-458D-B7C5-14406E8AB76E}.Release|Any CPU.ActiveCfg = Release|Any CPU
		{7E49266F-7010-458D-B7C5-14406E8AB76E}.Release|Any CPU.Build.0 = Release|Any CPU
		{19A37C18-104E-4982-9E26-72C38291EA69}.Debug|Any CPU.ActiveCfg = Debug|Any CPU
		{19A37C18-104E-4982-9E26-72C38291EA69}.Debug|Any CPU.Build.0 = Debug|Any CPU
		{19A37C18-104E-4982-9E26-72C38291EA69}.Release|Any CPU.ActiveCfg = Release|Any CPU
		{19A37C18-104E-4982-9E26-72C38291EA69}.Release|Any CPU.Build.0 = Release|Any CPU
		{A8ECA18A-3F4D-449D-90CF-B055FB22DC20}.Debug|Any CPU.ActiveCfg = Debug|Any CPU
		{A8ECA18A-3F4D-449D-90CF-B055FB22DC20}.Debug|Any CPU.Build.0 = Debug|Any CPU
		{A8ECA18A-3F4D-449D-90CF-B055FB22DC20}.Release|Any CPU.ActiveCfg = Release|Any CPU
		{A8ECA18A-3F4D-449D-90CF-B055FB22DC20}.Release|Any CPU.Build.0 = Release|Any CPU
		{F08A7DBD-5CDB-40F5-8999-BF83399D6076}.Debug|Any CPU.ActiveCfg = Debug|Any CPU
		{F08A7DBD-5CDB-40F5-8999-BF83399D6076}.Debug|Any CPU.Build.0 = Debug|Any CPU
		{F08A7DBD-5CDB-40F5-8999-BF83399D6076}.Release|Any CPU.ActiveCfg = Release|Any CPU
		{F08A7DBD-5CDB-40F5-8999-BF83399D6076}.Release|Any CPU.Build.0 = Release|Any CPU
		{36188E22-D99C-42AB-A833-6FDF9D4DD992}.Debug|Any CPU.ActiveCfg = Debug|Any CPU
		{36188E22-D99C-42AB-A833-6FDF9D4DD992}.Debug|Any CPU.Build.0 = Debug|Any CPU
		{36188E22-D99C-42AB-A833-6FDF9D4DD992}.Release|Any CPU.ActiveCfg = Release|Any CPU
		{36188E22-D99C-42AB-A833-6FDF9D4DD992}.Release|Any CPU.Build.0 = Release|Any CPU
		{9B7B9273-3788-4F1D-B690-B8A367454408}.Debug|Any CPU.ActiveCfg = Debug|Any CPU
		{9B7B9273-3788-4F1D-B690-B8A367454408}.Debug|Any CPU.Build.0 = Debug|Any CPU
		{9B7B9273-3788-4F1D-B690-B8A367454408}.Release|Any CPU.ActiveCfg = Release|Any CPU
		{9B7B9273-3788-4F1D-B690-B8A367454408}.Release|Any CPU.Build.0 = Release|Any CPU
		{702F27FC-72DB-4C7E-92C2-3FF8A12047FA}.Debug|Any CPU.ActiveCfg = Debug|Any CPU
		{702F27FC-72DB-4C7E-92C2-3FF8A12047FA}.Debug|Any CPU.Build.0 = Debug|Any CPU
		{702F27FC-72DB-4C7E-92C2-3FF8A12047FA}.Release|Any CPU.ActiveCfg = Release|Any CPU
		{702F27FC-72DB-4C7E-92C2-3FF8A12047FA}.Release|Any CPU.Build.0 = Release|Any CPU
		{93991CA6-6CD0-4263-9522-1B307D0AEA0E}.Debug|Any CPU.ActiveCfg = Debug|Any CPU
		{93991CA6-6CD0-4263-9522-1B307D0AEA0E}.Debug|Any CPU.Build.0 = Debug|Any CPU
		{93991CA6-6CD0-4263-9522-1B307D0AEA0E}.Release|Any CPU.ActiveCfg = Release|Any CPU
		{93991CA6-6CD0-4263-9522-1B307D0AEA0E}.Release|Any CPU.Build.0 = Release|Any CPU
		{54A723E9-41F1-42E3-A5A7-7D3E2BB36BD0}.Debug|Any CPU.ActiveCfg = Debug|Any CPU
		{54A723E9-41F1-42E3-A5A7-7D3E2BB36BD0}.Debug|Any CPU.Build.0 = Debug|Any CPU
		{54A723E9-41F1-42E3-A5A7-7D3E2BB36BD0}.Release|Any CPU.ActiveCfg = Release|Any CPU
		{54A723E9-41F1-42E3-A5A7-7D3E2BB36BD0}.Release|Any CPU.Build.0 = Release|Any CPU
		{DD1EE3FF-4FA1-4636-B623-523D65BCC1E8}.Debug|Any CPU.ActiveCfg = Debug|Any CPU
		{DD1EE3FF-4FA1-4636-B623-523D65BCC1E8}.Debug|Any CPU.Build.0 = Debug|Any CPU
		{DD1EE3FF-4FA1-4636-B623-523D65BCC1E8}.Release|Any CPU.ActiveCfg = Release|Any CPU
		{DD1EE3FF-4FA1-4636-B623-523D65BCC1E8}.Release|Any CPU.Build.0 = Release|Any CPU
		{273C1B14-8585-4B51-AFA9-9AC4B2309A1D}.Debug|Any CPU.ActiveCfg = Debug|Any CPU
		{273C1B14-8585-4B51-AFA9-9AC4B2309A1D}.Debug|Any CPU.Build.0 = Debug|Any CPU
		{273C1B14-8585-4B51-AFA9-9AC4B2309A1D}.Release|Any CPU.ActiveCfg = Release|Any CPU
		{273C1B14-8585-4B51-AFA9-9AC4B2309A1D}.Release|Any CPU.Build.0 = Release|Any CPU
		{B2D7508C-E889-4B0A-930A-AB4997CB3BCF}.Debug|Any CPU.ActiveCfg = Debug|Any CPU
		{B2D7508C-E889-4B0A-930A-AB4997CB3BCF}.Debug|Any CPU.Build.0 = Debug|Any CPU
		{B2D7508C-E889-4B0A-930A-AB4997CB3BCF}.Release|Any CPU.ActiveCfg = Release|Any CPU
		{B2D7508C-E889-4B0A-930A-AB4997CB3BCF}.Release|Any CPU.Build.0 = Release|Any CPU
		{1BE7F9C7-A536-416A-897F-35A63F49CF30}.Debug|Any CPU.ActiveCfg = Debug|Any CPU
		{1BE7F9C7-A536-416A-897F-35A63F49CF30}.Debug|Any CPU.Build.0 = Debug|Any CPU
		{1BE7F9C7-A536-416A-897F-35A63F49CF30}.Release|Any CPU.ActiveCfg = Release|Any CPU
		{1BE7F9C7-A536-416A-897F-35A63F49CF30}.Release|Any CPU.Build.0 = Release|Any CPU
		{BAC868EA-9B7C-49F9-9461-BA3F0F632571}.Debug|Any CPU.ActiveCfg = Debug|Any CPU
		{BAC868EA-9B7C-49F9-9461-BA3F0F632571}.Debug|Any CPU.Build.0 = Debug|Any CPU
		{BAC868EA-9B7C-49F9-9461-BA3F0F632571}.Release|Any CPU.ActiveCfg = Release|Any CPU
		{BAC868EA-9B7C-49F9-9461-BA3F0F632571}.Release|Any CPU.Build.0 = Release|Any CPU
		{62E282B1-4595-4399-B94D-CBC12A3A54B0}.Debug|Any CPU.ActiveCfg = Debug|Any CPU
		{62E282B1-4595-4399-B94D-CBC12A3A54B0}.Debug|Any CPU.Build.0 = Debug|Any CPU
		{62E282B1-4595-4399-B94D-CBC12A3A54B0}.Release|Any CPU.ActiveCfg = Release|Any CPU
		{62E282B1-4595-4399-B94D-CBC12A3A54B0}.Release|Any CPU.Build.0 = Release|Any CPU
		{2909B514-653E-4EDA-A940-386DE9D1F98A}.Debug|Any CPU.ActiveCfg = Debug|Any CPU
		{2909B514-653E-4EDA-A940-386DE9D1F98A}.Debug|Any CPU.Build.0 = Debug|Any CPU
		{2909B514-653E-4EDA-A940-386DE9D1F98A}.Release|Any CPU.ActiveCfg = Release|Any CPU
		{2909B514-653E-4EDA-A940-386DE9D1F98A}.Release|Any CPU.Build.0 = Release|Any CPU
		{C824186D-02A1-49B6-A57C-71A41D5067FA}.Debug|Any CPU.ActiveCfg = Debug|Any CPU
		{C824186D-02A1-49B6-A57C-71A41D5067FA}.Debug|Any CPU.Build.0 = Debug|Any CPU
		{C824186D-02A1-49B6-A57C-71A41D5067FA}.Release|Any CPU.ActiveCfg = Release|Any CPU
		{C824186D-02A1-49B6-A57C-71A41D5067FA}.Release|Any CPU.Build.0 = Release|Any CPU
	EndGlobalSection
	GlobalSection(SolutionProperties) = preSolution
		HideSolutionNode = FALSE
	EndGlobalSection
	GlobalSection(NestedProjects) = preSolution
		{E4B751C9-4809-46C7-BEDD-8D194F29BA5B} = {05B579F1-1849-4183-9C1B-BE497B2A2765}
		{E473D6A2-4DBB-484C-A9D0-E2C01088B7C4} = {05B579F1-1849-4183-9C1B-BE497B2A2765}
		{446BD26D-D12B-4CDA-9134-AE57F16FBA66} = {05B579F1-1849-4183-9C1B-BE497B2A2765}
		{1D833ADF-EC20-4F63-880A-03677C9C48FA} = {05B579F1-1849-4183-9C1B-BE497B2A2765}
		{F45FEBE5-694C-40CC-84F0-63669C201088} = {05B579F1-1849-4183-9C1B-BE497B2A2765}
		{BDC4AA35-F801-4460-8D45-D99CC5E77B5E} = {6D88438E-4994-4E63-B1A8-47624725F496}
		{5DEF4448-9930-4F6E-8A4E-091821B5E006} = {6D88438E-4994-4E63-B1A8-47624725F496}
		{BB18712F-5F8F-40DC-8A88-24B5E66849BB} = {6D88438E-4994-4E63-B1A8-47624725F496}
		{14AC6D77-6418-4E42-8A76-4D2DD6E52649} = {6D88438E-4994-4E63-B1A8-47624725F496}
		{5BA77BDC-1B4C-4E05-A603-976A72802165} = {D09E578A-B7F9-49B7-A9C1-C396038C3037}
		{2B99582A-EBFA-42AE-8F25-9982441D4CDD} = {1800F5A1-26D0-4156-9208-3A02CCDABD6E}
		{93ECBA3E-4D71-460A-B8DC-F10286034994} = {1800F5A1-26D0-4156-9208-3A02CCDABD6E}
		{7E49266F-7010-458D-B7C5-14406E8AB76E} = {1800F5A1-26D0-4156-9208-3A02CCDABD6E}
		{19A37C18-104E-4982-9E26-72C38291EA69} = {AF0D44F9-178E-4FE5-9EFD-D8DAF7DE9E30}
		{A8ECA18A-3F4D-449D-90CF-B055FB22DC20} = {AF0D44F9-178E-4FE5-9EFD-D8DAF7DE9E30}
		{F08A7DBD-5CDB-40F5-8999-BF83399D6076} = {3D11B320-457F-485E-90C0-84BBF5C3F554}
		{36188E22-D99C-42AB-A833-6FDF9D4DD992} = {3D11B320-457F-485E-90C0-84BBF5C3F554}
		{9B7B9273-3788-4F1D-B690-B8A367454408} = {72865FD1-FB19-4A6D-876F-8475AB90EC3B}
		{702F27FC-72DB-4C7E-92C2-3FF8A12047FA} = {72865FD1-FB19-4A6D-876F-8475AB90EC3B}
		{93991CA6-6CD0-4263-9522-1B307D0AEA0E} = {72865FD1-FB19-4A6D-876F-8475AB90EC3B}
		{54A723E9-41F1-42E3-A5A7-7D3E2BB36BD0} = {72865FD1-FB19-4A6D-876F-8475AB90EC3B}
		{DD1EE3FF-4FA1-4636-B623-523D65BCC1E8} = {DFC56AEA-0940-44D8-A5F2-C32C05BD0387}
		{273C1B14-8585-4B51-AFA9-9AC4B2309A1D} = {DFC56AEA-0940-44D8-A5F2-C32C05BD0387}
		{B2D7508C-E889-4B0A-930A-AB4997CB3BCF} = {DFC56AEA-0940-44D8-A5F2-C32C05BD0387}
		{1BE7F9C7-A536-416A-897F-35A63F49CF30} = {E6545F4C-BBF0-4259-BDF2-26D9729614F6}
		{BAC868EA-9B7C-49F9-9461-BA3F0F632571} = {9DED4ECC-4F0C-477F-8141-FA62C388F814}
		{62E282B1-4595-4399-B94D-CBC12A3A54B0} = {9DED4ECC-4F0C-477F-8141-FA62C388F814}
		{2909B514-653E-4EDA-A940-386DE9D1F98A} = {9DED4ECC-4F0C-477F-8141-FA62C388F814}
		{C824186D-02A1-49B6-A57C-71A41D5067FA} = {9DED4ECC-4F0C-477F-8141-FA62C388F814}
	EndGlobalSection
	GlobalSection(ExtensibilityGlobals) = postSolution
		SolutionGuid = {5BDAB57C-24D7-4D94-BB8C-97CABF7A99A2}
	EndGlobalSection
EndGlobal
